{
  "name": "foo",
  "requires": true,
  "lockfileVersion": 1,
  "dependencies": {
    "now": {
      "version": "9.0.1",
      "resolved": "https://registry.npmjs.org/now/-/now-9.0.1.tgz",
      "integrity": "sha512-3DgDJhYWVAz5AusgjIvUULJfTeI/bdkekqM9tLtBYLCQyfS80RL61qB1jLeXkGFrJqcNxchbwco4HqjqEpZFhQ=="
    }
  }
}
